
Microsoft Visual Studio Solution File, Format Version 12.00
Project("{FAE04EC0-301F-11D3-BF4B-00C04F79EFBC}") = "VK.Music.Service", "VK.Music.Service\VK.Music.Service.csproj", "{E3D98B57-93D4-4CF4-B1B6-F92CB187B5A5}"
EndProject
Project("{FAE04EC0-301F-11D3-BF4B-00C04F79EFBC}") = "MusicServices.Models", "MusicServices.Models\MusicServices.Models.csproj", "{2A40BB9D-9AD6-4B3F-907D-15416F605712}"
EndProject
Project("{FAE04EC0-301F-11D3-BF4B-00C04F79EFBC}") = "Services.Infrastructure", "Services.Infrastructure\Services.Infrastructure.csproj", "{A6FAC9EC-8F6E-4C7A-A916-A45D114365B6}"
EndProject
Project("{FAE04EC0-301F-11D3-BF4B-00C04F79EFBC}") = "Yandex.Music.Service", "Yandex.Music.Service\Yandex.Music.Service.csproj", "{0AEF2FFB-663D-4031-861D-F3C3EF4BFBE4}"
EndProject
Global
	GlobalSection(SolutionConfigurationPlatforms) = preSolution
		Debug|Any CPU = Debug|Any CPU
		Release|Any CPU = Release|Any CPU
	EndGlobalSection
	GlobalSection(ProjectConfigurationPlatforms) = postSolution
		{E3D98B57-93D4-4CF4-B1B6-F92CB187B5A5}.Debug|Any CPU.ActiveCfg = Debug|Any CPU
		{E3D98B57-93D4-4CF4-B1B6-F92CB187B5A5}.Debug|Any CPU.Build.0 = Debug|Any CPU
		{E3D98B57-93D4-4CF4-B1B6-F92CB187B5A5}.Release|Any CPU.ActiveCfg = Release|Any CPU
		{E3D98B57-93D4-4CF4-B1B6-F92CB187B5A5}.Release|Any CPU.Build.0 = Release|Any CPU
		{2A40BB9D-9AD6-4B3F-907D-15416F605712}.Debug|Any CPU.ActiveCfg = Debug|Any CPU
		{2A40BB9D-9AD6-4B3F-907D-15416F605712}.Debug|Any CPU.Build.0 = Debug|Any CPU
		{2A40BB9D-9AD6-4B3F-907D-15416F605712}.Release|Any CPU.ActiveCfg = Release|Any CPU
		{2A40BB9D-9AD6-4B3F-907D-15416F605712}.Release|Any CPU.Build.0 = Release|Any CPU
		{A6FAC9EC-8F6E-4C7A-A916-A45D114365B6}.Debug|Any CPU.ActiveCfg = Debug|Any CPU
		{A6FAC9EC-8F6E-4C7A-A916-A45D114365B6}.Debug|Any CPU.Build.0 = Debug|Any CPU
		{A6FAC9EC-8F6E-4C7A-A916-A45D114365B6}.Release|Any CPU.ActiveCfg = Release|Any CPU
		{A6FAC9EC-8F6E-4C7A-A916-A45D114365B6}.Release|Any CPU.Build.0 = Release|Any CPU
		{0AEF2FFB-663D-4031-861D-F3C3EF4BFBE4}.Debug|Any CPU.ActiveCfg = Debug|Any CPU
		{0AEF2FFB-663D-4031-861D-F3C3EF4BFBE4}.Debug|Any CPU.Build.0 = Debug|Any CPU
		{0AEF2FFB-663D-4031-861D-F3C3EF4BFBE4}.Release|Any CPU.ActiveCfg = Release|Any CPU
		{0AEF2FFB-663D-4031-861D-F3C3EF4BFBE4}.Release|Any CPU.Build.0 = Release|Any CPU
	EndGlobalSection
	GlobalSection(NestedProjects) = preSolution
	EndGlobalSection
EndGlobal
